
Microsoft Visual Studio Solution File, Format Version 12.00
# Visual Studio 14
VisualStudioVersion = 14.0.23107.0
MinimumVisualStudioVersion = 10.0.40219.1
Project("{FAE04EC0-301F-11D3-BF4B-00C04F79EFBC}") = "Nabto", "Nabto\Nabto\Nabto.csproj", "{CDC5C512-1687-458B-80BC-706F105FFF84}"
EndProject
Project("{FAE04EC0-301F-11D3-BF4B-00C04F79EFBC}") = "Nabto.Droid", "Nabto\Nabto.Droid\Nabto.Droid.csproj", "{275DAA2A-1D3A-40CF-98A7-DADABB4B6AD3}"
EndProject
Project("{FAE04EC0-301F-11D3-BF4B-00C04F79EFBC}") = "Nabto.iOS", "Nabto\Nabto.iOS\Nabto.iOS.csproj", "{98CC737E-EA4D-4B3D-9DA5-7F9A21C5A7ED}"
EndProject
Project("{FAE04EC0-301F-11D3-BF4B-00C04F79EFBC}") = "Nabto.Droid.Api", "Nabto.Droid.Api\Nabto.Droid.Api.csproj", "{8B64F9E7-6265-480E-B4F2-ADE154C9470E}"
EndProject
Project("{FAE04EC0-301F-11D3-BF4B-00C04F79EFBC}") = "Nabto.IOS.Wrapper", "Nabto.IOS.Wrapper\Nabto.IOS.Wrapper.csproj", "{12968671-6746-40B1-9DF6-8435A91FE828}"
EndProject
Project("{FAE04EC0-301F-11D3-BF4B-00C04F79EFBC}") = "Nabto.Android.Wrapper", "Nabto.Android.Wrapper\Nabto.Android.Wrapper.csproj", "{7C9F3035-11DD-4C09-9A91-785CAA568702}"
EndProject
Global
	GlobalSection(SolutionConfigurationPlatforms) = preSolution
		Ad-Hoc|Any CPU = Ad-Hoc|Any CPU
		Ad-Hoc|iPhone = Ad-Hoc|iPhone
		Ad-Hoc|iPhoneSimulator = Ad-Hoc|iPhoneSimulator
		AppStore|Any CPU = AppStore|Any CPU
		AppStore|iPhone = AppStore|iPhone
		AppStore|iPhoneSimulator = AppStore|iPhoneSimulator
		Debug|Any CPU = Debug|Any CPU
		Debug|iPhone = Debug|iPhone
		Debug|iPhoneSimulator = Debug|iPhoneSimulator
		Release|Any CPU = Release|Any CPU
		Release|iPhone = Release|iPhone
		Release|iPhoneSimulator = Release|iPhoneSimulator
	EndGlobalSection
	GlobalSection(ProjectConfigurationPlatforms) = postSolution
		{CDC5C512-1687-458B-80BC-706F105FFF84}.Ad-Hoc|Any CPU.ActiveCfg = Release|Any CPU
		{CDC5C512-1687-458B-80BC-706F105FFF84}.Ad-Hoc|Any CPU.Build.0 = Release|Any CPU
		{CDC5C512-1687-458B-80BC-706F105FFF84}.Ad-Hoc|iPhone.ActiveCfg = Release|Any CPU
		{CDC5C512-1687-458B-80BC-706F105FFF84}.Ad-Hoc|iPhone.Build.0 = Release|Any CPU
		{CDC5C512-1687-458B-80BC-706F105FFF84}.Ad-Hoc|iPhoneSimulator.ActiveCfg = Release|Any CPU
		{CDC5C512-1687-458B-80BC-706F105FFF84}.Ad-Hoc|iPhoneSimulator.Build.0 = Release|Any CPU
		{CDC5C512-1687-458B-80BC-706F105FFF84}.AppStore|Any CPU.ActiveCfg = Release|Any CPU
		{CDC5C512-1687-458B-80BC-706F105FFF84}.AppStore|Any CPU.Build.0 = Release|Any CPU
		{CDC5C512-1687-458B-80BC-706F105FFF84}.AppStore|iPhone.ActiveCfg = Release|Any CPU
		{CDC5C512-1687-458B-80BC-706F105FFF84}.AppStore|iPhone.Build.0 = Release|Any CPU
		{CDC5C512-1687-458B-80BC-706F105FFF84}.AppStore|iPhoneSimulator.ActiveCfg = Release|Any CPU
		{CDC5C512-1687-458B-80BC-706F105FFF84}.AppStore|iPhoneSimulator.Build.0 = Release|Any CPU
		{CDC5C512-1687-458B-80BC-706F105FFF84}.Debug|Any CPU.ActiveCfg = Debug|Any CPU
		{CDC5C512-1687-458B-80BC-706F105FFF84}.Debug|Any CPU.Build.0 = Debug|Any CPU
		{CDC5C512-1687-458B-80BC-706F105FFF84}.Debug|iPhone.ActiveCfg = Debug|Any CPU
		{CDC5C512-1687-458B-80BC-706F105FFF84}.Debug|iPhone.Build.0 = Debug|Any CPU
		{CDC5C512-1687-458B-80BC-706F105FFF84}.Debug|iPhoneSimulator.ActiveCfg = Debug|Any CPU
		{CDC5C512-1687-458B-80BC-706F105FFF84}.Debug|iPhoneSimulator.Build.0 = Debug|Any CPU
		{CDC5C512-1687-458B-80BC-706F105FFF84}.Release|Any CPU.ActiveCfg = Release|Any CPU
		{CDC5C512-1687-458B-80BC-706F105FFF84}.Release|Any CPU.Build.0 = Release|Any CPU
		{CDC5C512-1687-458B-80BC-706F105FFF84}.Release|iPhone.ActiveCfg = Release|Any CPU
		{CDC5C512-1687-458B-80BC-706F105FFF84}.Release|iPhone.Build.0 = Release|Any CPU
		{CDC5C512-1687-458B-80BC-706F105FFF84}.Release|iPhoneSimulator.ActiveCfg = Release|Any CPU
		{CDC5C512-1687-458B-80BC-706F105FFF84}.Release|iPhoneSimulator.Build.0 = Release|Any CPU
		{275DAA2A-1D3A-40CF-98A7-DADABB4B6AD3}.Ad-Hoc|Any CPU.ActiveCfg = Release|Any CPU
		{275DAA2A-1D3A-40CF-98A7-DADABB4B6AD3}.Ad-Hoc|Any CPU.Build.0 = Release|Any CPU
		{275DAA2A-1D3A-40CF-98A7-DADABB4B6AD3}.Ad-Hoc|Any CPU.Deploy.0 = Release|Any CPU
		{275DAA2A-1D3A-40CF-98A7-DADABB4B6AD3}.Ad-Hoc|iPhone.ActiveCfg = Release|Any CPU
		{275DAA2A-1D3A-40CF-98A7-DADABB4B6AD3}.Ad-Hoc|iPhone.Build.0 = Release|Any CPU
		{275DAA2A-1D3A-40CF-98A7-DADABB4B6AD3}.Ad-Hoc|iPhone.Deploy.0 = Release|Any CPU
		{275DAA2A-1D3A-40CF-98A7-DADABB4B6AD3}.Ad-Hoc|iPhoneSimulator.ActiveCfg = Release|Any CPU
		{275DAA2A-1D3A-40CF-98A7-DADABB4B6AD3}.Ad-Hoc|iPhoneSimulator.Build.0 = Release|Any CPU
		{275DAA2A-1D3A-40CF-98A7-DADABB4B6AD3}.Ad-Hoc|iPhoneSimulator.Deploy.0 = Release|Any CPU
		{275DAA2A-1D3A-40CF-98A7-DADABB4B6AD3}.AppStore|Any CPU.ActiveCfg = Release|Any CPU
		{275DAA2A-1D3A-40CF-98A7-DADABB4B6AD3}.AppStore|Any CPU.Build.0 = Release|Any CPU
		{275DAA2A-1D3A-40CF-98A7-DADABB4B6AD3}.AppStore|Any CPU.Deploy.0 = Release|Any CPU
		{275DAA2A-1D3A-40CF-98A7-DADABB4B6AD3}.AppStore|iPhone.ActiveCfg = Release|Any CPU
		{275DAA2A-1D3A-40CF-98A7-DADABB4B6AD3}.AppStore|iPhone.Build.0 = Release|Any CPU
		{275DAA2A-1D3A-40CF-98A7-DADABB4B6AD3}.AppStore|iPhone.Deploy.0 = Release|Any CPU
		{275DAA2A-1D3A-40CF-98A7-DADABB4B6AD3}.AppStore|iPhoneSimulator.ActiveCfg = Release|Any CPU
		{275DAA2A-1D3A-40CF-98A7-DADABB4B6AD3}.AppStore|iPhoneSimulator.Build.0 = Release|Any CPU
		{275DAA2A-1D3A-40CF-98A7-DADABB4B6AD3}.AppStore|iPhoneSimulator.Deploy.0 = Release|Any CPU
		{275DAA2A-1D3A-40CF-98A7-DADABB4B6AD3}.Debug|Any CPU.ActiveCfg = Debug|Any CPU
		{275DAA2A-1D3A-40CF-98A7-DADABB4B6AD3}.Debug|Any CPU.Build.0 = Debug|Any CPU
		{275DAA2A-1D3A-40CF-98A7-DADABB4B6AD3}.Debug|Any CPU.Deploy.0 = Debug|Any CPU
		{275DAA2A-1D3A-40CF-98A7-DADABB4B6AD3}.Debug|iPhone.ActiveCfg = Debug|Any CPU
		{275DAA2A-1D3A-40CF-98A7-DADABB4B6AD3}.Debug|iPhone.Build.0 = Debug|Any CPU
		{275DAA2A-1D3A-40CF-98A7-DADABB4B6AD3}.Debug|iPhone.Deploy.0 = Debug|Any CPU
		{275DAA2A-1D3A-40CF-98A7-DADABB4B6AD3}.Debug|iPhoneSimulator.ActiveCfg = Debug|Any CPU
		{275DAA2A-1D3A-40CF-98A7-DADABB4B6AD3}.Debug|iPhoneSimulator.Build.0 = Debug|Any CPU
		{275DAA2A-1D3A-40CF-98A7-DADABB4B6AD3}.Debug|iPhoneSimulator.Deploy.0 = Debug|Any CPU
		{275DAA2A-1D3A-40CF-98A7-DADABB4B6AD3}.Release|Any CPU.ActiveCfg = Release|Any CPU
		{275DAA2A-1D3A-40CF-98A7-DADABB4B6AD3}.Release|Any CPU.Build.0 = Release|Any CPU
		{275DAA2A-1D3A-40CF-98A7-DADABB4B6AD3}.Release|Any CPU.Deploy.0 = Release|Any CPU
		{275DAA2A-1D3A-40CF-98A7-DADABB4B6AD3}.Release|iPhone.ActiveCfg = Release|Any CPU
		{275DAA2A-1D3A-40CF-98A7-DADABB4B6AD3}.Release|iPhone.Build.0 = Release|Any CPU
		{275DAA2A-1D3A-40CF-98A7-DADABB4B6AD3}.Release|iPhone.Deploy.0 = Release|Any CPU
		{275DAA2A-1D3A-40CF-98A7-DADABB4B6AD3}.Release|iPhoneSimulator.ActiveCfg = Release|Any CPU
		{275DAA2A-1D3A-40CF-98A7-DADABB4B6AD3}.Release|iPhoneSimulator.Build.0 = Release|Any CPU
		{275DAA2A-1D3A-40CF-98A7-DADABB4B6AD3}.Release|iPhoneSimulator.Deploy.0 = Release|Any CPU
		{98CC737E-EA4D-4B3D-9DA5-7F9A21C5A7ED}.Ad-Hoc|Any CPU.ActiveCfg = Ad-Hoc|iPhone
		{98CC737E-EA4D-4B3D-9DA5-7F9A21C5A7ED}.Ad-Hoc|iPhone.ActiveCfg = Ad-Hoc|iPhone
		{98CC737E-EA4D-4B3D-9DA5-7F9A21C5A7ED}.Ad-Hoc|iPhone.Build.0 = Ad-Hoc|iPhone
		{98CC737E-EA4D-4B3D-9DA5-7F9A21C5A7ED}.Ad-Hoc|iPhoneSimulator.ActiveCfg = Ad-Hoc|iPhoneSimulator
		{98CC737E-EA4D-4B3D-9DA5-7F9A21C5A7ED}.Ad-Hoc|iPhoneSimulator.Build.0 = Ad-Hoc|iPhoneSimulator
		{98CC737E-EA4D-4B3D-9DA5-7F9A21C5A7ED}.AppStore|Any CPU.ActiveCfg = AppStore|iPhone
		{98CC737E-EA4D-4B3D-9DA5-7F9A21C5A7ED}.AppStore|iPhone.ActiveCfg = AppStore|iPhone
		{98CC737E-EA4D-4B3D-9DA5-7F9A21C5A7ED}.AppStore|iPhone.Build.0 = AppStore|iPhone
		{98CC737E-EA4D-4B3D-9DA5-7F9A21C5A7ED}.AppStore|iPhoneSimulator.ActiveCfg = AppStore|iPhoneSimulator
		{98CC737E-EA4D-4B3D-9DA5-7F9A21C5A7ED}.AppStore|iPhoneSimulator.Build.0 = AppStore|iPhoneSimulator
		{98CC737E-EA4D-4B3D-9DA5-7F9A21C5A7ED}.Debug|Any CPU.ActiveCfg = Debug|iPhone
		{98CC737E-EA4D-4B3D-9DA5-7F9A21C5A7ED}.Debug|iPhone.ActiveCfg = Debug|iPhone
		{98CC737E-EA4D-4B3D-9DA5-7F9A21C5A7ED}.Debug|iPhone.Build.0 = Debug|iPhone
		{98CC737E-EA4D-4B3D-9DA5-7F9A21C5A7ED}.Debug|iPhoneSimulator.ActiveCfg = Debug|iPhoneSimulator
		{98CC737E-EA4D-4B3D-9DA5-7F9A21C5A7ED}.Debug|iPhoneSimulator.Build.0 = Debug|iPhoneSimulator
		{98CC737E-EA4D-4B3D-9DA5-7F9A21C5A7ED}.Release|Any CPU.ActiveCfg = Release|iPhone
		{98CC737E-EA4D-4B3D-9DA5-7F9A21C5A7ED}.Release|iPhone.ActiveCfg = Release|iPhone
		{98CC737E-EA4D-4B3D-9DA5-7F9A21C5A7ED}.Release|iPhone.Build.0 = Release|iPhone
		{98CC737E-EA4D-4B3D-9DA5-7F9A21C5A7ED}.Release|iPhoneSimulator.ActiveCfg = Release|iPhoneSimulator
		{98CC737E-EA4D-4B3D-9DA5-7F9A21C5A7ED}.Release|iPhoneSimulator.Build.0 = Release|iPhoneSimulator
		{8B64F9E7-6265-480E-B4F2-ADE154C9470E}.Ad-Hoc|Any CPU.ActiveCfg = Release|Any CPU
		{8B64F9E7-6265-480E-B4F2-ADE154C9470E}.Ad-Hoc|Any CPU.Build.0 = Release|Any CPU
		{8B64F9E7-6265-480E-B4F2-ADE154C9470E}.Ad-Hoc|iPhone.ActiveCfg = Release|Any CPU
		{8B64F9E7-6265-480E-B4F2-ADE154C9470E}.Ad-Hoc|iPhone.Build.0 = Release|Any CPU
		{8B64F9E7-6265-480E-B4F2-ADE154C9470E}.Ad-Hoc|iPhoneSimulator.ActiveCfg = Release|Any CPU
		{8B64F9E7-6265-480E-B4F2-ADE154C9470E}.Ad-Hoc|iPhoneSimulator.Build.0 = Release|Any CPU
		{8B64F9E7-6265-480E-B4F2-ADE154C9470E}.AppStore|Any CPU.ActiveCfg = Release|Any CPU
		{8B64F9E7-6265-480E-B4F2-ADE154C9470E}.AppStore|Any CPU.Build.0 = Release|Any CPU
		{8B64F9E7-6265-480E-B4F2-ADE154C9470E}.AppStore|iPhone.ActiveCfg = Release|Any CPU
		{8B64F9E7-6265-480E-B4F2-ADE154C9470E}.AppStore|iPhone.Build.0 = Release|Any CPU
		{8B64F9E7-6265-480E-B4F2-ADE154C9470E}.AppStore|iPhoneSimulator.ActiveCfg = Release|Any CPU
		{8B64F9E7-6265-480E-B4F2-ADE154C9470E}.AppStore|iPhoneSimulator.Build.0 = Release|Any CPU
		{8B64F9E7-6265-480E-B4F2-ADE154C9470E}.Debug|Any CPU.ActiveCfg = Release|Any CPU
		{8B64F9E7-6265-480E-B4F2-ADE154C9470E}.Debug|Any CPU.Build.0 = Release|Any CPU
		{8B64F9E7-6265-480E-B4F2-ADE154C9470E}.Debug|iPhone.ActiveCfg = Debug|Any CPU
		{8B64F9E7-6265-480E-B4F2-ADE154C9470E}.Debug|iPhone.Build.0 = Debug|Any CPU
		{8B64F9E7-6265-480E-B4F2-ADE154C9470E}.Debug|iPhoneSimulator.ActiveCfg = Debug|Any CPU
		{8B64F9E7-6265-480E-B4F2-ADE154C9470E}.Debug|iPhoneSimulator.Build.0 = Debug|Any CPU
		{8B64F9E7-6265-480E-B4F2-ADE154C9470E}.Release|Any CPU.ActiveCfg = Release|Any CPU
		{8B64F9E7-6265-480E-B4F2-ADE154C9470E}.Release|Any CPU.Build.0 = Release|Any CPU
		{8B64F9E7-6265-480E-B4F2-ADE154C9470E}.Release|iPhone.ActiveCfg = Release|Any CPU
		{8B64F9E7-6265-480E-B4F2-ADE154C9470E}.Release|iPhone.Build.0 = Release|Any CPU
		{8B64F9E7-6265-480E-B4F2-ADE154C9470E}.Release|iPhoneSimulator.ActiveCfg = Release|Any CPU
		{8B64F9E7-6265-480E-B4F2-ADE154C9470E}.Release|iPhoneSimulator.Build.0 = Release|Any CPU
		{12968671-6746-40B1-9DF6-8435A91FE828}.Ad-Hoc|Any CPU.ActiveCfg = Release|Any CPU
		{12968671-6746-40B1-9DF6-8435A91FE828}.Ad-Hoc|Any CPU.Build.0 = Release|Any CPU
		{12968671-6746-40B1-9DF6-8435A91FE828}.Ad-Hoc|iPhone.ActiveCfg = Release|Any CPU
		{12968671-6746-40B1-9DF6-8435A91FE828}.Ad-Hoc|iPhone.Build.0 = Release|Any CPU
		{12968671-6746-40B1-9DF6-8435A91FE828}.Ad-Hoc|iPhoneSimulator.ActiveCfg = Release|Any CPU
		{12968671-6746-40B1-9DF6-8435A91FE828}.Ad-Hoc|iPhoneSimulator.Build.0 = Release|Any CPU
		{12968671-6746-40B1-9DF6-8435A91FE828}.AppStore|Any CPU.ActiveCfg = Release|Any CPU
		{12968671-6746-40B1-9DF6-8435A91FE828}.AppStore|Any CPU.Build.0 = Release|Any CPU
		{12968671-6746-40B1-9DF6-8435A91FE828}.AppStore|iPhone.ActiveCfg = Release|Any CPU
		{12968671-6746-40B1-9DF6-8435A91FE828}.AppStore|iPhone.Build.0 = Release|Any CPU
		{12968671-6746-40B1-9DF6-8435A91FE828}.AppStore|iPhoneSimulator.ActiveCfg = Release|Any CPU
		{12968671-6746-40B1-9DF6-8435A91FE828}.AppStore|iPhoneSimulator.Build.0 = Release|Any CPU
		{12968671-6746-40B1-9DF6-8435A91FE828}.Debug|Any CPU.ActiveCfg = Debug|Any CPU
		{12968671-6746-40B1-9DF6-8435A91FE828}.Debug|Any CPU.Build.0 = Debug|Any CPU
		{12968671-6746-40B1-9DF6-8435A91FE828}.Debug|iPhone.ActiveCfg = Debug|Any CPU
		{12968671-6746-40B1-9DF6-8435A91FE828}.Debug|iPhone.Build.0 = Debug|Any CPU
		{12968671-6746-40B1-9DF6-8435A91FE828}.Debug|iPhoneSimulator.ActiveCfg = Debug|Any CPU
		{12968671-6746-40B1-9DF6-8435A91FE828}.Debug|iPhoneSimulator.Build.0 = Debug|Any CPU
		{12968671-6746-40B1-9DF6-8435A91FE828}.Release|Any CPU.ActiveCfg = Release|Any CPU
		{12968671-6746-40B1-9DF6-8435A91FE828}.Release|Any CPU.Build.0 = Release|Any CPU
		{12968671-6746-40B1-9DF6-8435A91FE828}.Release|iPhone.ActiveCfg = Release|Any CPU
		{12968671-6746-40B1-9DF6-8435A91FE828}.Release|iPhone.Build.0 = Release|Any CPU
		{12968671-6746-40B1-9DF6-8435A91FE828}.Release|iPhoneSimulator.ActiveCfg = Release|Any CPU
		{12968671-6746-40B1-9DF6-8435A91FE828}.Release|iPhoneSimulator.Build.0 = Release|Any CPU
		{7C9F3035-11DD-4C09-9A91-785CAA568702}.Ad-Hoc|Any CPU.ActiveCfg = Release|Any CPU
		{7C9F3035-11DD-4C09-9A91-785CAA568702}.Ad-Hoc|Any CPU.Build.0 = Release|Any CPU
		{7C9F3035-11DD-4C09-9A91-785CAA568702}.Ad-Hoc|iPhone.ActiveCfg = Release|Any CPU
		{7C9F3035-11DD-4C09-9A91-785CAA568702}.Ad-Hoc|iPhone.Build.0 = Release|Any CPU
		{7C9F3035-11DD-4C09-9A91-785CAA568702}.Ad-Hoc|iPhoneSimulator.ActiveCfg = Release|Any CPU
		{7C9F3035-11DD-4C09-9A91-785CAA568702}.Ad-Hoc|iPhoneSimulator.Build.0 = Release|Any CPU
		{7C9F3035-11DD-4C09-9A91-785CAA568702}.AppStore|Any CPU.ActiveCfg = Release|Any CPU
		{7C9F3035-11DD-4C09-9A91-785CAA568702}.AppStore|Any CPU.Build.0 = Release|Any CPU
		{7C9F3035-11DD-4C09-9A91-785CAA568702}.AppStore|iPhone.ActiveCfg = Release|Any CPU
		{7C9F3035-11DD-4C09-9A91-785CAA568702}.AppStore|iPhone.Build.0 = Release|Any CPU
		{7C9F3035-11DD-4C09-9A91-785CAA568702}.AppStore|iPhoneSimulator.ActiveCfg = Release|Any CPU
		{7C9F3035-11DD-4C09-9A91-785CAA568702}.AppStore|iPhoneSimulator.Build.0 = Release|Any CPU
		{7C9F3035-11DD-4C09-9A91-785CAA568702}.Debug|Any CPU.ActiveCfg = Debug|Any CPU
		{7C9F3035-11DD-4C09-9A91-785CAA568702}.Debug|Any CPU.Build.0 = Debug|Any CPU
		{7C9F3035-11DD-4C09-9A91-785CAA568702}.Debug|iPhone.ActiveCfg = Debug|Any CPU
		{7C9F3035-11DD-4C09-9A91-785CAA568702}.Debug|iPhone.Build.0 = Debug|Any CPU
		{7C9F3035-11DD-4C09-9A91-785CAA568702}.Debug|iPhoneSimulator.ActiveCfg = Debug|Any CPU
		{7C9F3035-11DD-4C09-9A91-785CAA568702}.Debug|iPhoneSimulator.Build.0 = Debug|Any CPU
		{7C9F3035-11DD-4C09-9A91-785CAA568702}.Release|Any CPU.ActiveCfg = Release|Any CPU
		{7C9F3035-11DD-4C09-9A91-785CAA568702}.Release|Any CPU.Build.0 = Release|Any CPU
		{7C9F3035-11DD-4C09-9A91-785CAA568702}.Release|iPhone.ActiveCfg = Release|Any CPU
		{7C9F3035-11DD-4C09-9A91-785CAA568702}.Release|iPhone.Build.0 = Release|Any CPU
		{7C9F3035-11DD-4C09-9A91-785CAA568702}.Release|iPhoneSimulator.ActiveCfg = Release|Any CPU
		{7C9F3035-11DD-4C09-9A91-785CAA568702}.Release|iPhoneSimulator.Build.0 = Release|Any CPU
	EndGlobalSection
	GlobalSection(SolutionProperties) = preSolution
		HideSolutionNode = FALSE
	EndGlobalSection
EndGlobal
